
Microsoft Visual Studio Solution File, Format Version 12.00
# Visual Studio Version 16
VisualStudioVersion = 16.0.29009.5
MinimumVisualStudioVersion = 10.0.40219.1
Project("{9A19103F-16F7-4668-BE54-9A1E7A4F7556}") = "Domain", "Domain\Domain.csproj", "{6A1409AF-315D-469B-83AB-89C9D3AB0095}"
EndProject
Project("{9A19103F-16F7-4668-BE54-9A1E7A4F7556}") = "API", "API\API.csproj", "{4F460CFD-FF0E-4511-8E6D-D1EACC75A63F}"
EndProject
Project("{9A19103F-16F7-4668-BE54-9A1E7A4F7556}") = "Persistence", "Persistence\Persistence.csproj", "{1B34A722-BBC0-4811-A95B-7CEA737F201B}"
EndProject
Project("{9A19103F-16F7-4668-BE54-9A1E7A4F7556}") = "Repositories", "Repositories\Repositories.csproj", "{9BDD6C14-8F7F-44D2-B905-F94FB19315DB}"
EndProject
Project("{9A19103F-16F7-4668-BE54-9A1E7A4F7556}") = "Services", "Services\Services.csproj", "{372FBB00-F887-46A0-8F3E-F337B2C3ABBB}"
EndProject
Global
	GlobalSection(SolutionConfigurationPlatforms) = preSolution
		Debug|Any CPU = Debug|Any CPU
		Release|Any CPU = Release|Any CPU
	EndGlobalSection
	GlobalSection(ProjectConfigurationPlatforms) = postSolution
		{6A1409AF-315D-469B-83AB-89C9D3AB0095}.Debug|Any CPU.ActiveCfg = Debug|Any CPU
		{6A1409AF-315D-469B-83AB-89C9D3AB0095}.Debug|Any CPU.Build.0 = Debug|Any CPU
		{6A1409AF-315D-469B-83AB-89C9D3AB0095}.Release|Any CPU.ActiveCfg = Release|Any CPU
		{6A1409AF-315D-469B-83AB-89C9D3AB0095}.Release|Any CPU.Build.0 = Release|Any CPU
		{4F460CFD-FF0E-4511-8E6D-D1EACC75A63F}.Debug|Any CPU.ActiveCfg = Debug|Any CPU
		{4F460CFD-FF0E-4511-8E6D-D1EACC75A63F}.Debug|Any CPU.Build.0 = Debug|Any CPU
		{4F460CFD-FF0E-4511-8E6D-D1EACC75A63F}.Release|Any CPU.ActiveCfg = Release|Any CPU
		{4F460CFD-FF0E-4511-8E6D-D1EACC75A63F}.Release|Any CPU.Build.0 = Release|Any CPU
		{1B34A722-BBC0-4811-A95B-7CEA737F201B}.Debug|Any CPU.ActiveCfg = Debug|Any CPU
		{1B34A722-BBC0-4811-A95B-7CEA737F201B}.Debug|Any CPU.Build.0 = Debug|Any CPU
		{1B34A722-BBC0-4811-A95B-7CEA737F201B}.Release|Any CPU.ActiveCfg = Release|Any CPU
		{1B34A722-BBC0-4811-A95B-7CEA737F201B}.Release|Any CPU.Build.0 = Release|Any CPU
		{9BDD6C14-8F7F-44D2-B905-F94FB19315DB}.Debug|Any CPU.ActiveCfg = Debug|Any CPU
		{9BDD6C14-8F7F-44D2-B905-F94FB19315DB}.Debug|Any CPU.Build.0 = Debug|Any CPU
		{9BDD6C14-8F7F-44D2-B905-F94FB19315DB}.Release|Any CPU.ActiveCfg = Release|Any CPU
		{9BDD6C14-8F7F-44D2-B905-F94FB19315DB}.Release|Any CPU.Build.0 = Release|Any CPU
		{372FBB00-F887-46A0-8F3E-F337B2C3ABBB}.Debug|Any CPU.ActiveCfg = Debug|Any CPU
		{372FBB00-F887-46A0-8F3E-F337B2C3ABBB}.Debug|Any CPU.Build.0 = Debug|Any CPU
		{372FBB00-F887-46A0-8F3E-F337B2C3ABBB}.Release|Any CPU.ActiveCfg = Release|Any CPU
		{372FBB00-F887-46A0-8F3E-F337B2C3ABBB}.Release|Any CPU.Build.0 = Release|Any CPU
	EndGlobalSection
	GlobalSection(SolutionProperties) = preSolution
		HideSolutionNode = FALSE
	EndGlobalSection
	GlobalSection(ExtensibilityGlobals) = postSolution
		SolutionGuid = {D738F03D-E963-4A88-83AF-76088CDF72DE}
	EndGlobalSection
EndGlobal
